
Microsoft Visual Studio Solution File, Format Version 12.00
# Visual Studio 15
Project("{FAE04EC0-301F-11D3-BF4B-00C04F79EFBC}") = "server", "server.csproj", "{4676EC17-E151-422F-B97A-D0831DB60439}"
EndProject
Global
	GlobalSection(SolutionConfigurationPlatforms) = preSolution
		Debug|Any CPU = Debug|Any CPU
		Release|Any CPU = Release|Any CPU
	EndGlobalSection
	GlobalSection(ProjectConfigurationPlatforms) = postSolution
		{4676EC17-E151-422F-B97A-D0831DB60439}.Debug|Any CPU.ActiveCfg = Debug|Any CPU
		{4676EC17-E151-422F-B97A-D0831DB60439}.Debug|Any CPU.Build.0 = Debug|Any CPU
		{4676EC17-E151-422F-B97A-D0831DB60439}.Release|Any CPU.ActiveCfg = Release|Any CPU
		{4676EC17-E151-422F-B97A-D0831DB60439}.Release|Any CPU.Build.0 = Release|Any CPU
	EndGlobalSection
EndGlobal
